
Microsoft Visual Studio Solution File, Format Version 12.00
# Visual Studio Version 17
VisualStudioVersion = 17.4.33213.308
MinimumVisualStudioVersion = 10.0.40219.1
Project("{FAE04EC0-301F-11D3-BF4B-00C04F79EFBC}") = "TinkoffFinalTest5", "TinkoffFinalTest5\TinkoffFinalTest5.csproj", "{3C6DFDC7-C75B-462E-9C4B-2006026220C5}"
EndProject
Global
	GlobalSection(SolutionConfigurationPlatforms) = preSolution
		Debug|Any CPU = Debug|Any CPU
		Release|Any CPU = Release|Any CPU
	EndGlobalSection
	GlobalSection(ProjectConfigurationPlatforms) = postSolution
		{3C6DFDC7-C75B-462E-9C4B-2006026220C5}.Debug|Any CPU.ActiveCfg = Debug|Any CPU
		{3C6DFDC7-C75B-462E-9C4B-2006026220C5}.Debug|Any CPU.Build.0 = Debug|Any CPU
		{3C6DFDC7-C75B-462E-9C4B-2006026220C5}.Release|Any CPU.ActiveCfg = Release|Any CPU
		{3C6DFDC7-C75B-462E-9C4B-2006026220C5}.Release|Any CPU.Build.0 = Release|Any CPU
	EndGlobalSection
	GlobalSection(SolutionProperties) = preSolution
		HideSolutionNode = FALSE
	EndGlobalSection
	GlobalSection(ExtensibilityGlobals) = postSolution
		SolutionGuid = {C925291D-D735-4D1A-B71E-65A8BE3BB415}
	EndGlobalSection
EndGlobal
